{
  "name": "wenyan-book-scripts",
  "version": "1.0.0",
  "lockfileVersion": 1,
  "requires": true,
  "dependencies": {
    "@wenyanlang/core": {
      "version": "0.3.2",
      "resolved": "https://registry.npmjs.org/@wenyanlang/core/-/core-0.3.2.tgz",
      "integrity": "sha512-C08jagvmq2vvGS8sOtBTb+AIQ9rVw4s4J++bEmzfFIMpb+7voJ62O0YUAf2SouBViPDgmc7ZWq1v5nayfwI7Sw==",
      "requires": {
        "xmlhttprequest": "^1.8.0"
      }
    },
    "xmlhttprequest": {
      "version": "1.8.0",
      "resolved": "https://registry.npmjs.org/xmlhttprequest/-/xmlhttprequest-1.8.0.tgz",
      "integrity": "sha1-Z/4HXFwk/vOfnWX197f+dRcZaPw="
    }
  }
}
